// !$*UTF8*$!
{
	archiveVersion = 1;
	classes = {
	};
	objectVersion = 47;
	objects = {

/* Begin PBXBuildFile section */
		03D2847B9EF6CB28BD62DE19 /* Pods_datami_smisdk.framework in Frameworks */ = {isa = PBXBuildFile; fileRef = 07BDA3DAD10869FDEC2FAB23 /* Pods_datami_smisdk.framework */; };
		365C33B7247E08C900726480 /* AppDelegate.m in Sources */ = {isa = PBXBuildFile; fileRef = 365C33B6247E08C900726480 /* AppDelegate.m */; };
		365C33BD247E08C900726480 /* ViewController.m in Sources */ = {isa = PBXBuildFile; fileRef = 365C33BC247E08C900726480 /* ViewController.m */; };
		365C33C0247E08C900726480 /* Main.storyboard in Resources */ = {isa = PBXBuildFile; fileRef = 365C33BE247E08C900726480 /* Main.storyboard */; };
		365C33C2247E08CA00726480 /* Assets.xcassets in Resources */ = {isa = PBXBuildFile; fileRef = 365C33C1247E08CA00726480 /* Assets.xcassets */; };
		365C33C5247E08CA00726480 /* LaunchScreen.storyboard in Resources */ = {isa = PBXBuildFile; fileRef = 365C33C3247E08CA00726480 /* LaunchScreen.storyboard */; };
		365C33C8247E08CA00726480 /* main.m in Sources */ = {isa = PBXBuildFile; fileRef = 365C33C7247E08CA00726480 /* main.m */; };
/* End PBXBuildFile section */

/* Begin PBXFileReference section */
		07BDA3DAD10869FDEC2FAB23 /* Pods_datami_smisdk.framework */ = {isa = PBXFileReference; explicitFileType = wrapper.framework; includeInIndex = 0; path = Pods_datami_smisdk.framework; sourceTree = BUILT_PRODUCTS_DIR; };
		365C33B2247E08C900726480 /* datami-smisdk.app */ = {isa = PBXFileReference; explicitFileType = wrapper.application; includeInIndex = 0; path = "datami-smisdk.app"; sourceTree = BUILT_PRODUCTS_DIR; };
		365C33B5247E08C900726480 /* AppDelegate.h */ = {isa = PBXFileReference; lastKnownFileType = sourcecode.c.h; path = AppDelegate.h; sourceTree = "<group>"; };
		365C33B6247E08C900726480 /* AppDelegate.m */ = {isa = PBXFileReference; lastKnownFileType = sourcecode.c.objc; path = AppDelegate.m; sourceTree = "<group>"; };
		365C33BB247E08C900726480 /* ViewController.h */ = {isa = PBXFileReference; lastKnownFileType = sourcecode.c.h; path = ViewController.h; sourceTree = "<group>"; };
		365C33BC247E08C900726480 /* ViewController.m */ = {isa = PBXFileReference; lastKnownFileType = sourcecode.c.objc; path = ViewController.m; sourceTree = "<group>"; };
		365C33BF247E08C900726480 /* Base */ = {isa = PBXFileReference; lastKnownFileType = file.storyboard; name = Base; path = Base.lproj/Main.storyboard; sourceTree = "<group>"; };
		365C33C1247E08CA00726480 /* Assets.xcassets */ = {isa = PBXFileReference; lastKnownFileType = folder.assetcatalog; path = Assets.xcassets; sourceTree = "<group>"; };
		365C33C4247E08CA00726480 /* Base */ = {isa = PBXFileReference; lastKnownFileType = file.storyboard; name = Base; path = Base.lproj/LaunchScreen.storyboard; sourceTree = "<group>"; };
		365C33C6247E08CA00726480 /* Info.plist */ = {isa = PBXFileReference; lastKnownFileType = text.plist.xml; path = Info.plist; sourceTree = "<group>"; };
		365C33C7247E08CA00726480 /* main.m */ = {isa = PBXFileReference; lastKnownFileType = sourcecode.c.objc; path = main.m; sourceTree = "<group>"; };
		4C46D718A748FCD6911D289B /* Pods-datami-smisdk.debug.xcconfig */ = {isa = PBXFileReference; includeInIndex = 1; lastKnownFileType = text.xcconfig; name = "Pods-datami-smisdk.debug.xcconfig"; path = "Target Support Files/Pods-datami-smisdk/Pods-datami-smisdk.debug.xcconfig"; sourceTree = "<group>"; };
		91353BEF255C8561812CA19E /* Pods-datami-smisdk.release.xcconfig */ = {isa = PBXFileReference; includeInIndex = 1; lastKnownFileType = text.xcconfig; name = "Pods-datami-smisdk.release.xcconfig"; path = "Target Support Files/Pods-datami-smisdk/Pods-datami-smisdk.release.xcconfig"; sourceTree = "<group>"; };
/* End PBXFileReference section */

/* Begin PBXFrameworksBuildPhase section */
		365C33AF247E08C900726480 /* Frameworks */ = {
			isa = PBXFrameworksBuildPhase;
			buildActionMask = 2147483647;
			files = (
				03D2847B9EF6CB28BD62DE19 /* Pods_datami_smisdk.framework in Frameworks */,
			);
			runOnlyForDeploymentPostprocessing = 0;
		};
/* End PBXFrameworksBuildPhase section */

/* Begin PBXGroup section */
		365C33A9247E08C900726480 = {
			isa = PBXGroup;
			children = (
				365C33B4247E08C900726480 /* datami-smisdk */,
				365C33B3247E08C900726480 /* Products */,
				7921E08B0A714BDDAE950444 /* Pods */,
				92518E120D379F1E3E0BB35F /* Frameworks */,
			);
			sourceTree = "<group>";
		};
		365C33B3247E08C900726480 /* Products */ = {
			isa = PBXGroup;
			children = (
				365C33B2247E08C900726480 /* datami-smisdk.app */,
			);
			name = Products;
			sourceTree = "<group>";
		};
		365C33B4247E08C900726480 /* datami-smisdk */ = {
			isa = PBXGroup;
			children = (
				365C33C7247E08CA00726480 /* main.m */,
				365C33B5247E08C900726480 /* AppDelegate.h */,
				365C33B6247E08C900726480 /* AppDelegate.m */,
				365C33BB247E08C900726480 /* ViewController.h */,
				365C33BC247E08C900726480 /* ViewController.m */,
				365C33C6247E08CA00726480 /* Info.plist */,
				365C33C1247E08CA00726480 /* Assets.xcassets */,
				365C33C3247E08CA00726480 /* LaunchScreen.storyboard */,
				365C33BE247E08C900726480 /* Main.storyboard */,
			);
			path = "datami-smisdk";
			sourceTree = "<group>";
		};
		7921E08B0A714BDDAE950444 /* Pods */ = {
			isa = PBXGroup;
			children = (
				4C46D718A748FCD6911D289B /* Pods-datami-smisdk.debug.xcconfig */,
				91353BEF255C8561812CA19E /* Pods-datami-smisdk.release.xcconfig */,
			);
			path = Pods;
			sourceTree = "<group>";
		};
		92518E120D379F1E3E0BB35F /* Frameworks */ = {
			isa = PBXGroup;
			children = (
				07BDA3DAD10869FDEC2FAB23 /* Pods_datami_smisdk.framework */,
			);
			name = Frameworks;
			sourceTree = "<group>";
		};
/* End PBXGroup section */

/* Begin PBXNativeTarget section */
		365C33B1247E08C900726480 /* datami-smisdk */ = {
			isa = PBXNativeTarget;
			buildConfigurationList = 365C33CB247E08CA00726480 /* Build configuration list for PBXNativeTarget "datami-smisdk" */;
			buildPhases = (
				B02AFF69B247C37E1772B284 /* [CP] Check Pods Manifest.lock */,
				365C33AE247E08C900726480 /* Sources */,
				365C33AF247E08C900726480 /* Frameworks */,
				365C33B0247E08C900726480 /* Resources */,
			);
			buildRules = (
			);
			dependencies = (
			);
			name = "datami-smisdk";
			productName = "template-project";
			productReference = 365C33B2247E08C900726480 /* datami-smisdk.app */;
			productType = "com.apple.product-type.application";
		};
/* End PBXNativeTarget section */

/* Begin PBXProject section */
		365C33AA247E08C900726480 /* Project object */ = {
			isa = PBXProject;
			attributes = {
				LastUpgradeCheck = 1130;
				ORGANIZATIONNAME = ArkaiTech;
				TargetAttributes = {
					365C33B1247E08C900726480 = {
						CreatedOnToolsVersion = 11.3;
						ProvisioningStyle = Manual;
					};
				};
			};
			buildConfigurationList = 365C33AD247E08C900726480 /* Build configuration list for PBXProject "datami-smisdk" */;
			compatibilityVersion = "Xcode 6.3";
			developmentRegion = en;
			hasScannedForEncodings = 0;
			knownRegions = (
				en,
				Base,
			);
			mainGroup = 365C33A9247E08C900726480;
			productRefGroup = 365C33B3247E08C900726480 /* Products */;
			projectDirPath = "";
			projectRoot = "";
			targets = (
				365C33B1247E08C900726480 /* datami-smisdk */,
			);
		};
/* End PBXProject section */

/* Begin PBXResourcesBuildPhase section */
		365C33B0247E08C900726480 /* Resources */ = {
			isa = PBXResourcesBuildPhase;
			buildActionMask = 2147483647;
			files = (
				365C33C5247E08CA00726480 /* LaunchScreen.storyboard in Resources */,
				365C33C2247E08CA00726480 /* Assets.xcassets in Resources */,
				365C33C0247E08C900726480 /* Main.storyboard in Resources */,
			);
			runOnlyForDeploymentPostprocessing = 0;
		};
/* End PBXResourcesBuildPhase section */

/* Begin PBXShellScriptBuildPhase section */
		B02AFF69B247C37E1772B284 /* [CP] Check Pods Manifest.lock */ = {
			isa = PBXShellScriptBuildPhase;
			buildActionMask = 2147483647;
			files = (
			);
			inputFileListPaths = (
			);
			inputPaths = (
				"${PODS_PODFILE_DIR_PATH}/Podfile.lock",
				"${PODS_ROOT}/Manifest.lock",
			);
			name = "[CP] Check Pods Manifest.lock";
			outputFileListPaths = (
			);
			outputPaths = (
				"$(DERIVED_FILE_DIR)/Pods-datami-smisdk-checkManifestLockResult.txt",
			);
			runOnlyForDeploymentPostprocessing = 0;
			shellPath = /bin/sh;
			shellScript = "diff \"${PODS_PODFILE_DIR_PATH}/Podfile.lock\" \"${PODS_ROOT}/Manifest.lock\" > /dev/null\nif [ $? != 0 ] ; then\n    # print error to STDERR\n    echo \"error: The sandbox is not in sync with the Podfile.lock. Run 'pod install' or update your CocoaPods installation.\" >&2\n    exit 1\nfi\n# This output is used by Xcode 'outputs' to avoid re-running this script phase.\necho \"SUCCESS\" > \"${SCRIPT_OUTPUT_FILE_0}\"\n";
			showEnvVarsInLog = 0;
		};
/* End PBXShellScriptBuildPhase section */

/* Begin PBXSourcesBuildPhase section */
		365C33AE247E08C900726480 /* Sources */ = {
			isa = PBXSourcesBuildPhase;
			buildActionMask = 2147483647;
			files = (
				365C33BD247E08C900726480 /* ViewController.m in Sources */,
				365C33B7247E08C900726480 /* AppDelegate.m in Sources */,
				365C33C8247E08CA00726480 /* main.m in Sources */,
			);
			runOnlyForDeploymentPostprocessing = 0;
		};
/* End PBXSourcesBuildPhase section */

/* Begin PBXVariantGroup section */
		365C33BE247E08C900726480 /* Main.storyboard */ = {
			isa = PBXVariantGroup;
			children = (
				365C33BF247E08C900726480 /* Base */,
			);
			name = Main.storyboard;
			sourceTree = "<group>";
		};
		365C33C3247E08CA00726480 /* LaunchScreen.storyboard */ = {
			isa = PBXVariantGroup;
			children = (
				365C33C4247E08CA00726480 /* Base */,
			);
			name = LaunchScreen.storyboard;
			sourceTree = "<group>";
		};
/* End PBXVariantGroup section */

/* Begin XCBuildConfiguration section */
		365C33C9247E08CA00726480 /* Debug */ = {
			isa = XCBuildConfiguration;
			buildSettings = {
				ALWAYS_SEARCH_USER_PATHS = NO;
				CLANG_ANALYZER_NONNULL = YES;
				CLANG_ANALYZER_NUMBER_OBJECT_CONVERSION = YES_AGGRESSIVE;
				CLANG_CXX_LANGUAGE_STANDARD = "gnu++14";
				CLANG_CXX_LIBRARY = "libc++";
				CLANG_ENABLE_MODULES = YES;
				CLANG_ENABLE_OBJC_ARC = YES;
				CLANG_ENABLE_OBJC_WEAK = YES;
				CLANG_WARN_BLOCK_CAPTURE_AUTORELEASING = YES;
				CLANG_WARN_BOOL_CONVERSION = YES;
				CLANG_WARN_COMMA = YES;
				CLANG_WARN_CONSTANT_CONVERSION = YES;
				CLANG_WARN_DEPRECATED_OBJC_IMPLEMENTATIONS = YES;
				CLANG_WARN_DIRECT_OBJC_ISA_USAGE = YES_ERROR;
				CLANG_WARN_DOCUMENTATION_COMMENTS = YES;
				CLANG_WARN_EMPTY_BODY = YES;
				CLANG_WARN_ENUM_CONVERSION = YES;
				CLANG_WARN_INFINITE_RECURSION = YES;
				CLANG_WARN_INT_CONVERSION = YES;
				CLANG_WARN_NON_LITERAL_NULL_CONVERSION = YES;
				CLANG_WARN_OBJC_IMPLICIT_RETAIN_SELF = YES;
				CLANG_WARN_OBJC_LITERAL_CONVERSION = YES;
				CLANG_WARN_OBJC_ROOT_CLASS = YES_ERROR;
				CLANG_WARN_RANGE_LOOP_ANALYSIS = YES;
				CLANG_WARN_STRICT_PROTOTYPES = YES;
				CLANG_WARN_SUSPICIOUS_MOVE = YES;
				CLANG_WARN_UNGUARDED_AVAILABILITY = YES_AGGRESSIVE;
				CLANG_WARN_UNREACHABLE_CODE = YES;
				CLANG_WARN__DUPLICATE_METHOD_MATCH = YES;
				COPY_PHASE_STRIP = NO;
				DEBUG_INFORMATION_FORMAT = dwarf;
				ENABLE_STRICT_OBJC_MSGSEND = YES;
				ENABLE_TESTABILITY = YES;
				GCC_C_LANGUAGE_STANDARD = gnu11;
				GCC_DYNAMIC_NO_PIC = NO;
				GCC_NO_COMMON_BLOCKS = YES;
				GCC_OPTIMIZATION_LEVEL = 0;
				GCC_PREPROCESSOR_DEFINITIONS = (
					"DEBUG=1",
					"$(inherited)",
				);
				GCC_WARN_64_TO_32_BIT_CONVERSION = YES;
				GCC_WARN_ABOUT_RETURN_TYPE = YES_ERROR;
				GCC_WARN_UNDECLARED_SELECTOR = YES;
				GCC_WARN_UNINITIALIZED_AUTOS = YES_AGGRESSIVE;
				GCC_WARN_UNUSED_FUNCTION = YES;
				GCC_WARN_UNUSED_VARIABLE = YES;
				IPHONEOS_DEPLOYMENT_TARGET = 8.0;
				MTL_ENABLE_DEBUG_INFO = INCLUDE_SOURCE;
				MTL_FAST_MATH = YES;
				ONLY_ACTIVE_ARCH = YES;
				SDKROOT = iphoneos;
			};
			name = Debug;
		};
		365C33CA247E08CA00726480 /* Release */ = {
			isa = XCBuildConfiguration;
			buildSettings = {
				ALWAYS_SEARCH_USER_PATHS = NO;
				CLANG_ANALYZER_NONNULL = YES;
				CLANG_ANALYZER_NUMBER_OBJECT_CONVERSION = YES_AGGRESSIVE;
				CLANG_CXX_LANGUAGE_STANDARD = "gnu++14";
				CLANG_CXX_LIBRARY = "libc++";
				CLANG_ENABLE_MODULES = YES;
				CLANG_ENABLE_OBJC_ARC = YES;
				CLANG_ENABLE_OBJC_WEAK = YES;
				CLANG_WARN_BLOCK_CAPTURE_AUTORELEASING = YES;
				CLANG_WARN_BOOL_CONVERSION = YES;
				CLANG_WARN_COMMA = YES;
				CLANG_WARN_CONSTANT_CONVERSION = YES;
				CLANG_WARN_DEPRECATED_OBJC_IMPLEMENTATIONS = YES;
				CLANG_WARN_DIRECT_OBJC_ISA_USAGE = YES_ERROR;
				CLANG_WARN_DOCUMENTATION_COMMENTS = YES;
				CLANG_WARN_EMPTY_BODY = YES;
				CLANG_WARN_ENUM_CONVERSION = YES;
				CLANG_WARN_INFINITE_RECURSION = YES;
				CLANG_WARN_INT_CONVERSION = YES;
				CLANG_WARN_NON_LITERAL_NULL_CONVERSION = YES;
				CLANG_WARN_OBJC_IMPLICIT_RETAIN_SELF = YES;
				CLANG_WARN_OBJC_LITERAL_CONVERSION = YES;
				CLANG_WARN_OBJC_ROOT_CLASS = YES_ERROR;
				CLANG_WARN_RANGE_LOOP_ANALYSIS = YES;
				CLANG_WARN_STRICT_PROTOTYPES = YES;
				CLANG_WARN_SUSPICIOUS_MOVE = YES;
				CLANG_WARN_UNGUARDED_AVAILABILITY = YES_AGGRESSIVE;
				CLANG_WARN_UNREACHABLE_CODE = YES;
				CLANG_WARN__DUPLICATE_METHOD_MATCH = YES;
				COPY_PHASE_STRIP = NO;
				DEBUG_INFORMATION_FORMAT = "dwarf-with-dsym";
				ENABLE_NS_ASSERTIONS = NO;
				ENABLE_STRICT_OBJC_MSGSEND = YES;
				GCC_C_LANGUAGE_STANDARD = gnu11;
				GCC_NO_COMMON_BLOCKS = YES;
				GCC_WARN_64_TO_32_BIT_CONVERSION = YES;
				GCC_WARN_ABOUT_RETURN_TYPE = YES_ERROR;
				GCC_WARN_UNDECLARED_SELECTOR = YES;
				GCC_WARN_UNINITIALIZED_AUTOS = YES_AGGRESSIVE;
				GCC_WARN_UNUSED_FUNCTION = YES;
				GCC_WARN_UNUSED_VARIABLE = YES;
				IPHONEOS_DEPLOYMENT_TARGET = 8.0;
				MTL_ENABLE_DEBUG_INFO = NO;
				MTL_FAST_MATH = YES;
				SDKROOT = iphoneos;
				VALIDATE_PRODUCT = YES;
			};
			name = Release;
		};
		365C33CC247E08CA00726480 /* Debug */ = {
			isa = XCBuildConfiguration;
			baseConfigurationReference = 4C46D718A748FCD6911D289B /* Pods-datami-smisdk.debug.xcconfig */;
			buildSettings = {
				ASSETCATALOG_COMPILER_APPICON_NAME = AppIcon;
				CODE_SIGN_STYLE = Manual;
				CURRENT_PROJECT_VERSION = 1;
				INFOPLIST_FILE = "$(TARGET_NAME)/Info.plist";
				IPHONEOS_DEPLOYMENT_TARGET = 9.0;
				LD_RUNPATH_SEARCH_PATHS = "$(inherited) @executable_path/Frameworks";
				MARKETING_VERSION = 1.0.0;
				PRODUCT_BUNDLE_IDENTIFIER = "com.example.datami-smisdk";
				PRODUCT_NAME = "$(TARGET_NAME)";
				TARGETED_DEVICE_FAMILY = "1,2";
			};
			name = Debug;
		};
		365C33CD247E08CA00726480 /* Release */ = {
			isa = XCBuildConfiguration;
			baseConfigurationReference = 91353BEF255C8561812CA19E /* Pods-datami-smisdk.release.xcconfig */;
			buildSettings = {
				ASSETCATALOG_COMPILER_APPICON_NAME = AppIcon;
				CODE_SIGN_STYLE = Manual;
				CURRENT_PROJECT_VERSION = 1;
				INFOPLIST_FILE = "$(TARGET_NAME)/Info.plist";
				IPHONEOS_DEPLOYMENT_TARGET = 9.0;
				LD_RUNPATH_SEARCH_PATHS = "$(inherited) @executable_path/Frameworks";
				MARKETING_VERSION = 1.0.0;
				PRODUCT_BUNDLE_IDENTIFIER = "com.example.datami-smisdk";
				PRODUCT_NAME = "$(TARGET_NAME)";
				TARGETED_DEVICE_FAMILY = "1,2";
			};
			name = Release;
		};
/* End XCBuildConfiguration section */

/* Begin XCConfigurationList section */
		365C33AD247E08C900726480 /* Build configuration list for PBXProject "datami-smisdk" */ = {
			isa = XCConfigurationList;
			buildConfigurations = (
				365C33C9247E08CA00726480 /* Debug */,
				365C33CA247E08CA00726480 /* Release */,
			);
			defaultConfigurationIsVisible = 0;
			defaultConfigurationName = Release;
		};
		365C33CB247E08CA00726480 /* Build configuration list for PBXNativeTarget "datami-smisdk" */ = {
			isa = XCConfigurationList;
			buildConfigurations = (
				365C33CC247E08CA00726480 /* Debug */,
				365C33CD247E08CA00726480 /* Release */,
			);
			defaultConfigurationIsVisible = 0;
			defaultConfigurationName = Release;
		};
/* End XCConfigurationList section */
	};
	rootObject = 365C33AA247E08C900726480 /* Project object */;
}
